
Microsoft Visual Studio Solution File, Format Version 12.00
# Visual Studio Version 17
VisualStudioVersion = 17.0.32014.148
MinimumVisualStudioVersion = 10.0.40219.1
Project("{FAE04EC0-301F-11D3-BF4B-00C04F79EFBC}") = "GLife", "GLife.csproj", "{72FCE1B7-0049-495F-B9D6-C130E9EDB790}"
EndProject
Global
	GlobalSection(SolutionConfigurationPlatforms) = preSolution
		Debug|Any CPU = Debug|Any CPU
		Release|Any CPU = Release|Any CPU
	EndGlobalSection
	GlobalSection(ProjectConfigurationPlatforms) = postSolution
		{72FCE1B7-0049-495F-B9D6-C130E9EDB790}.Debug|Any CPU.ActiveCfg = Debug|Any CPU
		{72FCE1B7-0049-495F-B9D6-C130E9EDB790}.Debug|Any CPU.Build.0 = Debug|Any CPU
		{72FCE1B7-0049-495F-B9D6-C130E9EDB790}.Release|Any CPU.ActiveCfg = Release|Any CPU
		{72FCE1B7-0049-495F-B9D6-C130E9EDB790}.Release|Any CPU.Build.0 = Release|Any CPU
	EndGlobalSection
	GlobalSection(SolutionProperties) = preSolution
		HideSolutionNode = FALSE
	EndGlobalSection
	GlobalSection(ExtensibilityGlobals) = postSolution
		SolutionGuid = {A1EF461B-B4AE-448C-82A7-65F491C615F8}
	EndGlobalSection
EndGlobal
